
Microsoft Visual Studio Solution File, Format Version 12.00
# Visual Studio 15
VisualStudioVersion = 15.0.26014.0
MinimumVisualStudioVersion = 10.0.40219.1
Project("{D954291E-2A0B-460D-934E-DC6B0785DB48}") = "LoginWindow", "LoginWindow\LoginWindow.shproj", "{5A8F67A6-7F3B-49ED-8A70-5E317815D549}"
EndProject
Project("{FAE04EC0-301F-11D3-BF4B-00C04F79EFBC}") = "LoginWindow.Droid", "LoginWindow.Droid\LoginWindow.Droid.csproj", "{74F249B1-126B-49C0-A0CF-34A73CF95BBF}"
EndProject
Project("{FAE04EC0-301F-11D3-BF4B-00C04F79EFBC}") = "LoginWindow.iOS", "LoginWindow.iOS\LoginWindow.iOS.csproj", "{FC6262C1-9980-46F7-8252-BAC660C93A87}"
EndProject
Project("{FAE04EC0-301F-11D3-BF4B-00C04F79EFBC}") = "LoginWindow.UWP", "LoginWindow.UWP\LoginWindow.UWP.csproj", "{2E4BB605-8ECC-48C3-BD1C-808D921E62DA}"
EndProject
Global
	GlobalSection(SharedMSBuildProjectFiles) = preSolution
		LoginWindow\LoginWindow.projitems*{2e4bb605-8ecc-48c3-bd1c-808d921e62da}*SharedItemsImports = 4
		LoginWindow\LoginWindow.projitems*{5a8f67a6-7f3b-49ed-8a70-5e317815d549}*SharedItemsImports = 13
		LoginWindow\LoginWindow.projitems*{74f249b1-126b-49c0-a0cf-34a73cf95bbf}*SharedItemsImports = 4
		LoginWindow\LoginWindow.projitems*{fc6262c1-9980-46f7-8252-bac660c93a87}*SharedItemsImports = 4
	EndGlobalSection
	GlobalSection(SolutionConfigurationPlatforms) = preSolution
		Ad-Hoc|Any CPU = Ad-Hoc|Any CPU
		Ad-Hoc|ARM = Ad-Hoc|ARM
		Ad-Hoc|iPhone = Ad-Hoc|iPhone
		Ad-Hoc|iPhoneSimulator = Ad-Hoc|iPhoneSimulator
		Ad-Hoc|x64 = Ad-Hoc|x64
		Ad-Hoc|x86 = Ad-Hoc|x86
		AppStore|Any CPU = AppStore|Any CPU
		AppStore|ARM = AppStore|ARM
		AppStore|iPhone = AppStore|iPhone
		AppStore|iPhoneSimulator = AppStore|iPhoneSimulator
		AppStore|x64 = AppStore|x64
		AppStore|x86 = AppStore|x86
		Debug|Any CPU = Debug|Any CPU
		Debug|ARM = Debug|ARM
		Debug|iPhone = Debug|iPhone
		Debug|iPhoneSimulator = Debug|iPhoneSimulator
		Debug|x64 = Debug|x64
		Debug|x86 = Debug|x86
		Release|Any CPU = Release|Any CPU
		Release|ARM = Release|ARM
		Release|iPhone = Release|iPhone
		Release|iPhoneSimulator = Release|iPhoneSimulator
		Release|x64 = Release|x64
		Release|x86 = Release|x86
	EndGlobalSection
	GlobalSection(ProjectConfigurationPlatforms) = postSolution
		{74F249B1-126B-49C0-A0CF-34A73CF95BBF}.Ad-Hoc|Any CPU.ActiveCfg = Release|Any CPU
		{74F249B1-126B-49C0-A0CF-34A73CF95BBF}.Ad-Hoc|Any CPU.Build.0 = Release|Any CPU
		{74F249B1-126B-49C0-A0CF-34A73CF95BBF}.Ad-Hoc|Any CPU.Deploy.0 = Release|Any CPU
		{74F249B1-126B-49C0-A0CF-34A73CF95BBF}.Ad-Hoc|ARM.ActiveCfg = Release|Any CPU
		{74F249B1-126B-49C0-A0CF-34A73CF95BBF}.Ad-Hoc|ARM.Build.0 = Release|Any CPU
		{74F249B1-126B-49C0-A0CF-34A73CF95BBF}.Ad-Hoc|ARM.Deploy.0 = Release|Any CPU
		{74F249B1-126B-49C0-A0CF-34A73CF95BBF}.Ad-Hoc|iPhone.ActiveCfg = Release|Any CPU
		{74F249B1-126B-49C0-A0CF-34A73CF95BBF}.Ad-Hoc|iPhone.Build.0 = Release|Any CPU
		{74F249B1-126B-49C0-A0CF-34A73CF95BBF}.Ad-Hoc|iPhone.Deploy.0 = Release|Any CPU
		{74F249B1-126B-49C0-A0CF-34A73CF95BBF}.Ad-Hoc|iPhoneSimulator.ActiveCfg = Release|Any CPU
		{74F249B1-126B-49C0-A0CF-34A73CF95BBF}.Ad-Hoc|iPhoneSimulator.Build.0 = Release|Any CPU
		{74F249B1-126B-49C0-A0CF-34A73CF95BBF}.Ad-Hoc|iPhoneSimulator.Deploy.0 = Release|Any CPU
		{74F249B1-126B-49C0-A0CF-34A73CF95BBF}.Ad-Hoc|x64.ActiveCfg = Release|Any CPU
		{74F249B1-126B-49C0-A0CF-34A73CF95BBF}.Ad-Hoc|x64.Build.0 = Release|Any CPU
		{74F249B1-126B-49C0-A0CF-34A73CF95BBF}.Ad-Hoc|x64.Deploy.0 = Release|Any CPU
		{74F249B1-126B-49C0-A0CF-34A73CF95BBF}.Ad-Hoc|x86.ActiveCfg = Release|Any CPU
		{74F249B1-126B-49C0-A0CF-34A73CF95BBF}.Ad-Hoc|x86.Build.0 = Release|Any CPU
		{74F249B1-126B-49C0-A0CF-34A73CF95BBF}.Ad-Hoc|x86.Deploy.0 = Release|Any CPU
		{74F249B1-126B-49C0-A0CF-34A73CF95BBF}.AppStore|Any CPU.ActiveCfg = Release|Any CPU
		{74F249B1-126B-49C0-A0CF-34A73CF95BBF}.AppStore|Any CPU.Build.0 = Release|Any CPU
		{74F249B1-126B-49C0-A0CF-34A73CF95BBF}.AppStore|Any CPU.Deploy.0 = Release|Any CPU
		{74F249B1-126B-49C0-A0CF-34A73CF95BBF}.AppStore|ARM.ActiveCfg = Release|Any CPU
		{74F249B1-126B-49C0-A0CF-34A73CF95BBF}.AppStore|ARM.Build.0 = Release|Any CPU
		{74F249B1-126B-49C0-A0CF-34A73CF95BBF}.AppStore|ARM.Deploy.0 = Release|Any CPU
		{74F249B1-126B-49C0-A0CF-34A73CF95BBF}.AppStore|iPhone.ActiveCfg = Release|Any CPU
		{74F249B1-126B-49C0-A0CF-34A73CF95BBF}.AppStore|iPhone.Build.0 = Release|Any CPU
		{74F249B1-126B-49C0-A0CF-34A73CF95BBF}.AppStore|iPhone.Deploy.0 = Release|Any CPU
		{74F249B1-126B-49C0-A0CF-34A73CF95BBF}.AppStore|iPhoneSimulator.ActiveCfg = Release|Any CPU
		{74F249B1-126B-49C0-A0CF-34A73CF95BBF}.AppStore|iPhoneSimulator.Build.0 = Release|Any CPU
		{74F249B1-126B-49C0-A0CF-34A73CF95BBF}.AppStore|iPhoneSimulator.Deploy.0 = Release|Any CPU
		{74F249B1-126B-49C0-A0CF-34A73CF95BBF}.AppStore|x64.ActiveCfg = Release|Any CPU
		{74F249B1-126B-49C0-A0CF-34A73CF95BBF}.AppStore|x64.Build.0 = Release|Any CPU
		{74F249B1-126B-49C0-A0CF-34A73CF95BBF}.AppStore|x64.Deploy.0 = Release|Any CPU
		{74F249B1-126B-49C0-A0CF-34A73CF95BBF}.AppStore|x86.ActiveCfg = Release|Any CPU
		{74F249B1-126B-49C0-A0CF-34A73CF95BBF}.AppStore|x86.Build.0 = Release|Any CPU
		{74F249B1-126B-49C0-A0CF-34A73CF95BBF}.AppStore|x86.Deploy.0 = Release|Any CPU
		{74F249B1-126B-49C0-A0CF-34A73CF95BBF}.Debug|Any CPU.ActiveCfg = Debug|Any CPU
		{74F249B1-126B-49C0-A0CF-34A73CF95BBF}.Debug|Any CPU.Build.0 = Debug|Any CPU
		{74F249B1-126B-49C0-A0CF-34A73CF95BBF}.Debug|Any CPU.Deploy.0 = Debug|Any CPU
		{74F249B1-126B-49C0-A0CF-34A73CF95BBF}.Debug|ARM.ActiveCfg = Debug|Any CPU
		{74F249B1-126B-49C0-A0CF-34A73CF95BBF}.Debug|ARM.Build.0 = Debug|Any CPU
		{74F249B1-126B-49C0-A0CF-34A73CF95BBF}.Debug|ARM.Deploy.0 = Debug|Any CPU
		{74F249B1-126B-49C0-A0CF-34A73CF95BBF}.Debug|iPhone.ActiveCfg = Debug|Any CPU
		{74F249B1-126B-49C0-A0CF-34A73CF95BBF}.Debug|iPhone.Build.0 = Debug|Any CPU
		{74F249B1-126B-49C0-A0CF-34A73CF95BBF}.Debug|iPhone.Deploy.0 = Debug|Any CPU
		{74F249B1-126B-49C0-A0CF-34A73CF95BBF}.Debug|iPhoneSimulator.ActiveCfg = Debug|Any CPU
		{74F249B1-126B-49C0-A0CF-34A73CF95BBF}.Debug|iPhoneSimulator.Build.0 = Debug|Any CPU
		{74F249B1-126B-49C0-A0CF-34A73CF95BBF}.Debug|iPhoneSimulator.Deploy.0 = Debug|Any CPU
		{74F249B1-126B-49C0-A0CF-34A73CF95BBF}.Debug|x64.ActiveCfg = Debug|Any CPU
		{74F249B1-126B-49C0-A0CF-34A73CF95BBF}.Debug|x64.Build.0 = Debug|Any CPU
		{74F249B1-126B-49C0-A0CF-34A73CF95BBF}.Debug|x64.Deploy.0 = Debug|Any CPU
		{74F249B1-126B-49C0-A0CF-34A73CF95BBF}.Debug|x86.ActiveCfg = Debug|Any CPU
		{74F249B1-126B-49C0-A0CF-34A73CF95BBF}.Debug|x86.Build.0 = Debug|Any CPU
		{74F249B1-126B-49C0-A0CF-34A73CF95BBF}.Debug|x86.Deploy.0 = Debug|Any CPU
		{74F249B1-126B-49C0-A0CF-34A73CF95BBF}.Release|Any CPU.ActiveCfg = Release|Any CPU
		{74F249B1-126B-49C0-A0CF-34A73CF95BBF}.Release|Any CPU.Build.0 = Release|Any CPU
		{74F249B1-126B-49C0-A0CF-34A73CF95BBF}.Release|Any CPU.Deploy.0 = Release|Any CPU
		{74F249B1-126B-49C0-A0CF-34A73CF95BBF}.Release|ARM.ActiveCfg = Release|Any CPU
		{74F249B1-126B-49C0-A0CF-34A73CF95BBF}.Release|ARM.Build.0 = Release|Any CPU
		{74F249B1-126B-49C0-A0CF-34A73CF95BBF}.Release|ARM.Deploy.0 = Release|Any CPU
		{74F249B1-126B-49C0-A0CF-34A73CF95BBF}.Release|iPhone.ActiveCfg = Release|Any CPU
		{74F249B1-126B-49C0-A0CF-34A73CF95BBF}.Release|iPhone.Build.0 = Release|Any CPU
		{74F249B1-126B-49C0-A0CF-34A73CF95BBF}.Release|iPhone.Deploy.0 = Release|Any CPU
		{74F249B1-126B-49C0-A0CF-34A73CF95BBF}.Release|iPhoneSimulator.ActiveCfg = Release|Any CPU
		{74F249B1-126B-49C0-A0CF-34A73CF95BBF}.Release|iPhoneSimulator.Build.0 = Release|Any CPU
		{74F249B1-126B-49C0-A0CF-34A73CF95BBF}.Release|iPhoneSimulator.Deploy.0 = Release|Any CPU
		{74F249B1-126B-49C0-A0CF-34A73CF95BBF}.Release|x64.ActiveCfg = Release|Any CPU
		{74F249B1-126B-49C0-A0CF-34A73CF95BBF}.Release|x64.Build.0 = Release|Any CPU
		{74F249B1-126B-49C0-A0CF-34A73CF95BBF}.Release|x64.Deploy.0 = Release|Any CPU
		{74F249B1-126B-49C0-A0CF-34A73CF95BBF}.Release|x86.ActiveCfg = Release|Any CPU
		{74F249B1-126B-49C0-A0CF-34A73CF95BBF}.Release|x86.Build.0 = Release|Any CPU
		{74F249B1-126B-49C0-A0CF-34A73CF95BBF}.Release|x86.Deploy.0 = Release|Any CPU
		{FC6262C1-9980-46F7-8252-BAC660C93A87}.Ad-Hoc|Any CPU.ActiveCfg = Ad-Hoc|iPhone
		{FC6262C1-9980-46F7-8252-BAC660C93A87}.Ad-Hoc|ARM.ActiveCfg = Ad-Hoc|iPhone
		{FC6262C1-9980-46F7-8252-BAC660C93A87}.Ad-Hoc|iPhone.ActiveCfg = Ad-Hoc|iPhone
		{FC6262C1-9980-46F7-8252-BAC660C93A87}.Ad-Hoc|iPhone.Build.0 = Ad-Hoc|iPhone
		{FC6262C1-9980-46F7-8252-BAC660C93A87}.Ad-Hoc|iPhoneSimulator.ActiveCfg = Ad-Hoc|iPhoneSimulator
		{FC6262C1-9980-46F7-8252-BAC660C93A87}.Ad-Hoc|iPhoneSimulator.Build.0 = Ad-Hoc|iPhoneSimulator
		{FC6262C1-9980-46F7-8252-BAC660C93A87}.Ad-Hoc|x64.ActiveCfg = Ad-Hoc|iPhone
		{FC6262C1-9980-46F7-8252-BAC660C93A87}.Ad-Hoc|x86.ActiveCfg = Ad-Hoc|iPhone
		{FC6262C1-9980-46F7-8252-BAC660C93A87}.AppStore|Any CPU.ActiveCfg = AppStore|iPhone
		{FC6262C1-9980-46F7-8252-BAC660C93A87}.AppStore|ARM.ActiveCfg = AppStore|iPhone
		{FC6262C1-9980-46F7-8252-BAC660C93A87}.AppStore|iPhone.ActiveCfg = AppStore|iPhone
		{FC6262C1-9980-46F7-8252-BAC660C93A87}.AppStore|iPhone.Build.0 = AppStore|iPhone
		{FC6262C1-9980-46F7-8252-BAC660C93A87}.AppStore|iPhoneSimulator.ActiveCfg = AppStore|iPhoneSimulator
		{FC6262C1-9980-46F7-8252-BAC660C93A87}.AppStore|iPhoneSimulator.Build.0 = AppStore|iPhoneSimulator
		{FC6262C1-9980-46F7-8252-BAC660C93A87}.AppStore|x64.ActiveCfg = AppStore|iPhone
		{FC6262C1-9980-46F7-8252-BAC660C93A87}.AppStore|x86.ActiveCfg = AppStore|iPhone
		{FC6262C1-9980-46F7-8252-BAC660C93A87}.Debug|Any CPU.ActiveCfg = Debug|iPhone
		{FC6262C1-9980-46F7-8252-BAC660C93A87}.Debug|ARM.ActiveCfg = Debug|iPhone
		{FC6262C1-9980-46F7-8252-BAC660C93A87}.Debug|iPhone.ActiveCfg = Debug|iPhone
		{FC6262C1-9980-46F7-8252-BAC660C93A87}.Debug|iPhone.Build.0 = Debug|iPhone
		{FC6262C1-9980-46F7-8252-BAC660C93A87}.Debug|iPhoneSimulator.ActiveCfg = Debug|iPhoneSimulator
		{FC6262C1-9980-46F7-8252-BAC660C93A87}.Debug|iPhoneSimulator.Build.0 = Debug|iPhoneSimulator
		{FC6262C1-9980-46F7-8252-BAC660C93A87}.Debug|x64.ActiveCfg = Debug|iPhone
		{FC6262C1-9980-46F7-8252-BAC660C93A87}.Debug|x86.ActiveCfg = Debug|iPhone
		{FC6262C1-9980-46F7-8252-BAC660C93A87}.Release|Any CPU.ActiveCfg = Release|iPhone
		{FC6262C1-9980-46F7-8252-BAC660C93A87}.Release|ARM.ActiveCfg = Release|iPhone
		{FC6262C1-9980-46F7-8252-BAC660C93A87}.Release|iPhone.ActiveCfg = Release|iPhone
		{FC6262C1-9980-46F7-8252-BAC660C93A87}.Release|iPhone.Build.0 = Release|iPhone
		{FC6262C1-9980-46F7-8252-BAC660C93A87}.Release|iPhoneSimulator.ActiveCfg = Release|iPhoneSimulator
		{FC6262C1-9980-46F7-8252-BAC660C93A87}.Release|iPhoneSimulator.Build.0 = Release|iPhoneSimulator
		{FC6262C1-9980-46F7-8252-BAC660C93A87}.Release|x64.ActiveCfg = Release|iPhone
		{FC6262C1-9980-46F7-8252-BAC660C93A87}.Release|x86.ActiveCfg = Release|iPhone
		{2E4BB605-8ECC-48C3-BD1C-808D921E62DA}.Ad-Hoc|Any CPU.ActiveCfg = Release|x86
		{2E4BB605-8ECC-48C3-BD1C-808D921E62DA}.Ad-Hoc|Any CPU.Build.0 = Release|x86
		{2E4BB605-8ECC-48C3-BD1C-808D921E62DA}.Ad-Hoc|Any CPU.Deploy.0 = Release|x86
		{2E4BB605-8ECC-48C3-BD1C-808D921E62DA}.Ad-Hoc|ARM.ActiveCfg = Release|ARM
		{2E4BB605-8ECC-48C3-BD1C-808D921E62DA}.Ad-Hoc|ARM.Build.0 = Release|ARM
		{2E4BB605-8ECC-48C3-BD1C-808D921E62DA}.Ad-Hoc|ARM.Deploy.0 = Release|ARM
		{2E4BB605-8ECC-48C3-BD1C-808D921E62DA}.Ad-Hoc|iPhone.ActiveCfg = Release|x86
		{2E4BB605-8ECC-48C3-BD1C-808D921E62DA}.Ad-Hoc|iPhone.Build.0 = Release|x86
		{2E4BB605-8ECC-48C3-BD1C-808D921E62DA}.Ad-Hoc|iPhone.Deploy.0 = Release|x86
		{2E4BB605-8ECC-48C3-BD1C-808D921E62DA}.Ad-Hoc|iPhoneSimulator.ActiveCfg = Release|x86
		{2E4BB605-8ECC-48C3-BD1C-808D921E62DA}.Ad-Hoc|iPhoneSimulator.Build.0 = Release|x86
		{2E4BB605-8ECC-48C3-BD1C-808D921E62DA}.Ad-Hoc|iPhoneSimulator.Deploy.0 = Release|x86
		{2E4BB605-8ECC-48C3-BD1C-808D921E62DA}.Ad-Hoc|x64.ActiveCfg = Release|x64
		{2E4BB605-8ECC-48C3-BD1C-808D921E62DA}.Ad-Hoc|x64.Build.0 = Release|x64
		{2E4BB605-8ECC-48C3-BD1C-808D921E62DA}.Ad-Hoc|x64.Deploy.0 = Release|x64
		{2E4BB605-8ECC-48C3-BD1C-808D921E62DA}.Ad-Hoc|x86.ActiveCfg = Release|x86
		{2E4BB605-8ECC-48C3-BD1C-808D921E62DA}.Ad-Hoc|x86.Build.0 = Release|x86
		{2E4BB605-8ECC-48C3-BD1C-808D921E62DA}.Ad-Hoc|x86.Deploy.0 = Release|x86
		{2E4BB605-8ECC-48C3-BD1C-808D921E62DA}.AppStore|Any CPU.ActiveCfg = Release|x86
		{2E4BB605-8ECC-48C3-BD1C-808D921E62DA}.AppStore|Any CPU.Build.0 = Release|x86
		{2E4BB605-8ECC-48C3-BD1C-808D921E62DA}.AppStore|Any CPU.Deploy.0 = Release|x86
		{2E4BB605-8ECC-48C3-BD1C-808D921E62DA}.AppStore|ARM.ActiveCfg = Release|ARM
		{2E4BB605-8ECC-48C3-BD1C-808D921E62DA}.AppStore|ARM.Build.0 = Release|ARM
		{2E4BB605-8ECC-48C3-BD1C-808D921E62DA}.AppStore|ARM.Deploy.0 = Release|ARM
		{2E4BB605-8ECC-48C3-BD1C-808D921E62DA}.AppStore|iPhone.ActiveCfg = Release|x86
		{2E4BB605-8ECC-48C3-BD1C-808D921E62DA}.AppStore|iPhone.Build.0 = Release|x86
		{2E4BB605-8ECC-48C3-BD1C-808D921E62DA}.AppStore|iPhone.Deploy.0 = Release|x86
		{2E4BB605-8ECC-48C3-BD1C-808D921E62DA}.AppStore|iPhoneSimulator.ActiveCfg = Release|x86
		{2E4BB605-8ECC-48C3-BD1C-808D921E62DA}.AppStore|iPhoneSimulator.Build.0 = Release|x86
		{2E4BB605-8ECC-48C3-BD1C-808D921E62DA}.AppStore|iPhoneSimulator.Deploy.0 = Release|x86
		{2E4BB605-8ECC-48C3-BD1C-808D921E62DA}.AppStore|x64.ActiveCfg = Release|x64
		{2E4BB605-8ECC-48C3-BD1C-808D921E62DA}.AppStore|x64.Build.0 = Release|x64
		{2E4BB605-8ECC-48C3-BD1C-808D921E62DA}.AppStore|x64.Deploy.0 = Release|x64
		{2E4BB605-8ECC-48C3-BD1C-808D921E62DA}.AppStore|x86.ActiveCfg = Release|x86
		{2E4BB605-8ECC-48C3-BD1C-808D921E62DA}.AppStore|x86.Build.0 = Release|x86
		{2E4BB605-8ECC-48C3-BD1C-808D921E62DA}.AppStore|x86.Deploy.0 = Release|x86
		{2E4BB605-8ECC-48C3-BD1C-808D921E62DA}.Debug|Any CPU.ActiveCfg = Debug|x86
		{2E4BB605-8ECC-48C3-BD1C-808D921E62DA}.Debug|ARM.ActiveCfg = Debug|ARM
		{2E4BB605-8ECC-48C3-BD1C-808D921E62DA}.Debug|ARM.Build.0 = Debug|ARM
		{2E4BB605-8ECC-48C3-BD1C-808D921E62DA}.Debug|ARM.Deploy.0 = Debug|ARM
		{2E4BB605-8ECC-48C3-BD1C-808D921E62DA}.Debug|iPhone.ActiveCfg = Debug|x86
		{2E4BB605-8ECC-48C3-BD1C-808D921E62DA}.Debug|iPhoneSimulator.ActiveCfg = Debug|x86
		{2E4BB605-8ECC-48C3-BD1C-808D921E62DA}.Debug|x64.ActiveCfg = Debug|x64
		{2E4BB605-8ECC-48C3-BD1C-808D921E62DA}.Debug|x64.Build.0 = Debug|x64
		{2E4BB605-8ECC-48C3-BD1C-808D921E62DA}.Debug|x64.Deploy.0 = Debug|x64
		{2E4BB605-8ECC-48C3-BD1C-808D921E62DA}.Debug|x86.ActiveCfg = Debug|x86
		{2E4BB605-8ECC-48C3-BD1C-808D921E62DA}.Debug|x86.Build.0 = Debug|x86
		{2E4BB605-8ECC-48C3-BD1C-808D921E62DA}.Debug|x86.Deploy.0 = Debug|x86
		{2E4BB605-8ECC-48C3-BD1C-808D921E62DA}.Release|Any CPU.ActiveCfg = Release|x86
		{2E4BB605-8ECC-48C3-BD1C-808D921E62DA}.Release|ARM.ActiveCfg = Release|ARM
		{2E4BB605-8ECC-48C3-BD1C-808D921E62DA}.Release|ARM.Build.0 = Release|ARM
		{2E4BB605-8ECC-48C3-BD1C-808D921E62DA}.Release|ARM.Deploy.0 = Release|ARM
		{2E4BB605-8ECC-48C3-BD1C-808D921E62DA}.Release|iPhone.ActiveCfg = Release|x86
		{2E4BB605-8ECC-48C3-BD1C-808D921E62DA}.Release|iPhoneSimulator.ActiveCfg = Release|x86
		{2E4BB605-8ECC-48C3-BD1C-808D921E62DA}.Release|x64.ActiveCfg = Release|x64
		{2E4BB605-8ECC-48C3-BD1C-808D921E62DA}.Release|x64.Build.0 = Release|x64
		{2E4BB605-8ECC-48C3-BD1C-808D921E62DA}.Release|x64.Deploy.0 = Release|x64
		{2E4BB605-8ECC-48C3-BD1C-808D921E62DA}.Release|x86.ActiveCfg = Release|x86
		{2E4BB605-8ECC-48C3-BD1C-808D921E62DA}.Release|x86.Build.0 = Release|x86
		{2E4BB605-8ECC-48C3-BD1C-808D921E62DA}.Release|x86.Deploy.0 = Release|x86
	EndGlobalSection
	GlobalSection(SolutionProperties) = preSolution
		HideSolutionNode = FALSE
	EndGlobalSection
EndGlobal
